
Microsoft Visual Studio Solution File, Format Version 12.00
# Visual Studio Version 17
VisualStudioVersion = 17.13.35931.197 d17.13
MinimumVisualStudioVersion = 10.0.40219.1
Project("{FAE04EC0-301F-11D3-BF4B-00C04F79EFBC}") = "MallManagmentSystem", "MallManagmentSystem.csproj", "{2BDF6C09-8E76-4C37-81EF-E21872729CC8}"
EndProject
Global
	GlobalSection(SolutionConfigurationPlatforms) = preSolution
		Debug|Any CPU = Debug|Any CPU
		Release|Any CPU = Release|Any CPU
	EndGlobalSection
	GlobalSection(ProjectConfigurationPlatforms) = postSolution
		{2BDF6C09-8E76-4C37-81EF-E21872729CC8}.Debug|Any CPU.ActiveCfg = Debug|Any CPU
		{2BDF6C09-8E76-4C37-81EF-E21872729CC8}.Debug|Any CPU.Build.0 = Debug|Any CPU
		{2BDF6C09-8E76-4C37-81EF-E21872729CC8}.Release|Any CPU.ActiveCfg = Release|Any CPU
		{2BDF6C09-8E76-4C37-81EF-E21872729CC8}.Release|Any CPU.Build.0 = Release|Any CPU
	EndGlobalSection
	GlobalSection(SolutionProperties) = preSolution
		HideSolutionNode = FALSE
	EndGlobalSection
	GlobalSection(ExtensibilityGlobals) = postSolution
		SolutionGuid = {DEA24AB9-BDDC-4737-8901-AB3E15D97D43}
	EndGlobalSection
EndGlobal
